# This file was autogenerated by uv via the following command:
#    uv pip compile --python-version 3.11 requirements.txt -o requirements.lock
annotated-types==0.8.0
    # via pydantic
cachetools==5.5.2
    # via google-auth
certifi==2026.7.22
    # via requests
charset-normalizer==3.5.1
    # via requests
click==8.1.8
    # via gtts
feedparser==6.0.11
    # via -r requirements.txt
google-api-core==2.30.3
    # via google-api-python-client
google-api-python-client==2.136.0
    # via -r requirements.txt
google-auth==2.35.0
    # via
    #   -r requirements.txt
    #   google-api-core
    #   google-api-python-client
    #   google-auth-httplib2
    #   google-auth-oauthlib
google-auth-httplib2==0.2.0
    # via
    #   -r requirements.txt
    #   google-api-python-client
google-auth-oauthlib==1.2.1
    # via -r requirements.txt
googleapis-common-protos==1.75.1
    # via google-api-core
gtts==2.5.1
    # via -r requirements.txt
httplib2==0.32.0
    # via
    #   google-api-python-client
    #   google-auth-httplib2
idna==3.19
    # via requests
oauthlib==3.3.1
    # via requests-oauthlib
pillow==10.4.0
    # via -r requirements.txt
proto-plus==1.28.3
    # via google-api-core
protobuf==7.35.1
    # via
    #   google-api-core
    #   googleapis-common-protos
    #   proto-plus
pyasn1==0.6.4
    # via
    #   pyasn1-modules
    #   rsa
pyasn1-modules==0.4.2
    # via google-auth
pydantic==2.9.2
    # via -r requirements.txt
pydantic-core==2.23.4
    # via pydantic
pyparsing==3.3.2
    # via httplib2
python-dotenv==1.0.1
    # via -r requirements.txt
requests==2.32.3
    # via
    #   -r requirements.txt
    #   google-api-core
    #   gtts
    #   requests-oauthlib
requests-oauthlib==2.0.0
    # via google-auth-oauthlib
rsa==4.9.1
    # via google-auth
sgmllib3k==1.0.0
    # via feedparser
typing-extensions==4.16.0
    # via
    #   pydantic
    #   pydantic-core
uritemplate==4.2.0
    # via google-api-python-client
urllib3==2.7.0
    # via requests
